{
  "name": "tech-edu-api-json",
  "version": "1.0.0",
  "description": "Seu servidor JSON para o TechEdu",
  "main": "server.js", <--- APAGUE ou MUDE ISSO
  "scripts": {
    "start": "json-server db.json" <--- USE APENAS ISSO (ou o nome do seu arquivo JSON)
  },
  "dependencies": {
    "json-server": "^0.17.4" // A versão pode variar
  }
}
